
Microsoft Visual Studio Solution File, Format Version 12.00
# Visual Studio 2013
VisualStudioVersion = 12.0.31101.0
MinimumVisualStudioVersion = 10.0.40219.1
Project("{FAE04EC0-301F-11D3-BF4B-00C04F79EFBC}") = "AoC2016", "AoC2016\AoC2016.csproj", "{32E58E0E-898F-4A6A-A83D-3FE822BFBD36}"
EndProject
Project("{FAE04EC0-301F-11D3-BF4B-00C04F79EFBC}") = "DebuggingConsole", "DebuggingConsole\DebuggingConsole.csproj", "{7DADA8E7-A9A0-4EDB-9122-9A4F4340FE2A}"
EndProject
Global
	GlobalSection(SolutionConfigurationPlatforms) = preSolution
		Debug|Any CPU = Debug|Any CPU
		Release|Any CPU = Release|Any CPU
	EndGlobalSection
	GlobalSection(ProjectConfigurationPlatforms) = postSolution
		{32E58E0E-898F-4A6A-A83D-3FE822BFBD36}.Debug|Any CPU.ActiveCfg = Debug|Any CPU
		{32E58E0E-898F-4A6A-A83D-3FE822BFBD36}.Debug|Any CPU.Build.0 = Debug|Any CPU
		{32E58E0E-898F-4A6A-A83D-3FE822BFBD36}.Release|Any CPU.ActiveCfg = Release|Any CPU
		{32E58E0E-898F-4A6A-A83D-3FE822BFBD36}.Release|Any CPU.Build.0 = Release|Any CPU
		{7DADA8E7-A9A0-4EDB-9122-9A4F4340FE2A}.Debug|Any CPU.ActiveCfg = Debug|Any CPU
		{7DADA8E7-A9A0-4EDB-9122-9A4F4340FE2A}.Debug|Any CPU.Build.0 = Debug|Any CPU
		{7DADA8E7-A9A0-4EDB-9122-9A4F4340FE2A}.Release|Any CPU.ActiveCfg = Release|Any CPU
		{7DADA8E7-A9A0-4EDB-9122-9A4F4340FE2A}.Release|Any CPU.Build.0 = Release|Any CPU
	EndGlobalSection
	GlobalSection(SolutionProperties) = preSolution
		HideSolutionNode = FALSE
	EndGlobalSection
EndGlobal
